
Microsoft Visual Studio Solution File, Format Version 12.00
# Visual Studio Version 16
VisualStudioVersion = 16.0.29728.190
MinimumVisualStudioVersion = 10.0.40219.1
Project("{8BC9CEB8-8B4A-11D0-8D11-00A0C91BC942}") = "MonsterChase", "MonsterChase\MonsterChase.vcxproj", "{6B115B91-9563-4683-B5C6-2370D8565200}"
	ProjectSection(ProjectDependencies) = postProject
		{93FBD719-7A52-4642-9A62-8BC2DB8493BD} = {93FBD719-7A52-4642-9A62-8BC2DB8493BD}
		{BDF98E69-FC1B-4010-B9D7-8DB75E26A245} = {BDF98E69-FC1B-4010-B9D7-8DB75E26A245}
		{B2AB67DE-B7FA-42BA-B060-959487392AEA} = {B2AB67DE-B7FA-42BA-B060-959487392AEA}
	EndProjectSection
EndProject
Project("{8BC9CEB8-8B4A-11D0-8D11-00A0C91BC942}") = "Engine", "Engine\Engine.vcxproj", "{93FBD719-7A52-4642-9A62-8BC2DB8493BD}"
	ProjectSection(ProjectDependencies) = postProject
		{BDF98E69-FC1B-4010-B9D7-8DB75E26A245} = {BDF98E69-FC1B-4010-B9D7-8DB75E26A245}
		{B2AB67DE-B7FA-42BA-B060-959487392AEA} = {B2AB67DE-B7FA-42BA-B060-959487392AEA}
	EndProjectSection
EndProject
Project("{8BC9CEB8-8B4A-11D0-8D11-00A0C91BC942}") = "GLib", "GLib\GLib.vcxproj", "{B2AB67DE-B7FA-42BA-B060-959487392AEA}"
EndProject
Project("{8BC9CEB8-8B4A-11D0-8D11-00A0C91BC942}") = "Lua-WinLibs", "Lua\Lua-WinLibs.vcxproj", "{BDF98E69-FC1B-4010-B9D7-8DB75E26A245}"
EndProject
Project("{8BC9CEB8-8B4A-11D0-8D11-00A0C91BC942}") = "BuildAssets", "BuildAssets\BuildAssets.vcxproj", "{88384D2D-9327-4FBE-A0AA-6E5D3E7A210F}"
EndProject
Global
	GlobalSection(SolutionConfigurationPlatforms) = preSolution
		Debug|x64 = Debug|x64
		Debug|x86 = Debug|x86
		Release|x64 = Release|x64
		Release|x86 = Release|x86
	EndGlobalSection
	GlobalSection(ProjectConfigurationPlatforms) = postSolution
		{6B115B91-9563-4683-B5C6-2370D8565200}.Debug|x64.ActiveCfg = Debug|x64
		{6B115B91-9563-4683-B5C6-2370D8565200}.Debug|x64.Build.0 = Debug|x64
		{6B115B91-9563-4683-B5C6-2370D8565200}.Debug|x86.ActiveCfg = Debug|Win32
		{6B115B91-9563-4683-B5C6-2370D8565200}.Debug|x86.Build.0 = Debug|Win32
		{6B115B91-9563-4683-B5C6-2370D8565200}.Release|x64.ActiveCfg = Release|x64
		{6B115B91-9563-4683-B5C6-2370D8565200}.Release|x64.Build.0 = Release|x64
		{6B115B91-9563-4683-B5C6-2370D8565200}.Release|x86.ActiveCfg = Release|Win32
		{6B115B91-9563-4683-B5C6-2370D8565200}.Release|x86.Build.0 = Release|Win32
		{93FBD719-7A52-4642-9A62-8BC2DB8493BD}.Debug|x64.ActiveCfg = Debug|x64
		{93FBD719-7A52-4642-9A62-8BC2DB8493BD}.Debug|x64.Build.0 = Debug|x64
		{93FBD719-7A52-4642-9A62-8BC2DB8493BD}.Debug|x86.ActiveCfg = Debug|Win32
		{93FBD719-7A52-4642-9A62-8BC2DB8493BD}.Debug|x86.Build.0 = Debug|Win32
		{93FBD719-7A52-4642-9A62-8BC2DB8493BD}.Release|x64.ActiveCfg = Release|x64
		{93FBD719-7A52-4642-9A62-8BC2DB8493BD}.Release|x64.Build.0 = Release|x64
		{93FBD719-7A52-4642-9A62-8BC2DB8493BD}.Release|x86.ActiveCfg = Release|Win32
		{93FBD719-7A52-4642-9A62-8BC2DB8493BD}.Release|x86.Build.0 = Release|Win32
		{B2AB67DE-B7FA-42BA-B060-959487392AEA}.Debug|x64.ActiveCfg = Debug|x64
		{B2AB67DE-B7FA-42BA-B060-959487392AEA}.Debug|x64.Build.0 = Debug|x64
		{B2AB67DE-B7FA-42BA-B060-959487392AEA}.Debug|x86.ActiveCfg = Debug|Win32
		{B2AB67DE-B7FA-42BA-B060-959487392AEA}.Debug|x86.Build.0 = Debug|Win32
		{B2AB67DE-B7FA-42BA-B060-959487392AEA}.Release|x64.ActiveCfg = Release|x64
		{B2AB67DE-B7FA-42BA-B060-959487392AEA}.Release|x64.Build.0 = Release|x64
		{B2AB67DE-B7FA-42BA-B060-959487392AEA}.Release|x86.ActiveCfg = Release|Win32
		{B2AB67DE-B7FA-42BA-B060-959487392AEA}.Release|x86.Build.0 = Release|Win32
		{BDF98E69-FC1B-4010-B9D7-8DB75E26A245}.Debug|x64.ActiveCfg = Debug|x64
		{BDF98E69-FC1B-4010-B9D7-8DB75E26A245}.Debug|x64.Build.0 = Debug|x64
		{BDF98E69-FC1B-4010-B9D7-8DB75E26A245}.Debug|x86.ActiveCfg = Debug|Win32
		{BDF98E69-FC1B-4010-B9D7-8DB75E26A245}.Debug|x86.Build.0 = Debug|Win32
		{BDF98E69-FC1B-4010-B9D7-8DB75E26A245}.Release|x64.ActiveCfg = Release|x64
		{BDF98E69-FC1B-4010-B9D7-8DB75E26A245}.Release|x64.Build.0 = Release|x64
		{BDF98E69-FC1B-4010-B9D7-8DB75E26A245}.Release|x86.ActiveCfg = Release|Win32
		{BDF98E69-FC1B-4010-B9D7-8DB75E26A245}.Release|x86.Build.0 = Release|Win32
		{88384D2D-9327-4FBE-A0AA-6E5D3E7A210F}.Debug|x64.ActiveCfg = Debug|x64
		{88384D2D-9327-4FBE-A0AA-6E5D3E7A210F}.Debug|x64.Build.0 = Debug|x64
		{88384D2D-9327-4FBE-A0AA-6E5D3E7A210F}.Debug|x86.ActiveCfg = Debug|Win32
		{88384D2D-9327-4FBE-A0AA-6E5D3E7A210F}.Debug|x86.Build.0 = Debug|Win32
		{88384D2D-9327-4FBE-A0AA-6E5D3E7A210F}.Release|x64.ActiveCfg = Release|x64
		{88384D2D-9327-4FBE-A0AA-6E5D3E7A210F}.Release|x64.Build.0 = Release|x64
		{88384D2D-9327-4FBE-A0AA-6E5D3E7A210F}.Release|x86.ActiveCfg = Release|Win32
		{88384D2D-9327-4FBE-A0AA-6E5D3E7A210F}.Release|x86.Build.0 = Release|Win32
	EndGlobalSection
	GlobalSection(SolutionProperties) = preSolution
		HideSolutionNode = FALSE
	EndGlobalSection
	GlobalSection(ExtensibilityGlobals) = postSolution
		SolutionGuid = {F3A7194F-62EF-45A3-855A-0949DACD0432}
	EndGlobalSection
	GlobalSection(Performance) = preSolution
		HasPerformanceSessions = true
	EndGlobalSection
EndGlobal
