<?xml version="1.0" encoding="utf-8"?>
<Project ToolsVersion="4.0" xmlns="http://schemas.microsoft.com/developer/msbuild/2003">
  <ItemGroup>
    <Filter Include="Source Files">
      <UniqueIdentifier>{4FC737F1-C7A5-4376-A066-2A32D752A2FF}</UniqueIdentifier>
      <Extensions>cpp;c;cc;cxx;def;odl;idl;hpj;bat;asm;asmx</Extensions>
    </Filter>
    <Filter Include="Header Files">
      <UniqueIdentifier>{93995380-89BD-4b04-88EB-625FBE52EBFB}</UniqueIdentifier>
      <Extensions>h;hh;hpp;hxx;hm;inl;inc;ipp;xsd</Extensions>
    </Filter>
    <Filter Include="Resource Files">
      <UniqueIdentifier>{67DA6AB6-F800-4c08-8B7A-83BB121AAD01}</UniqueIdentifier>
      <Extensions>rc;ico;cur;bmp;dlg;rc2;rct;bin;rgs;gif;jpg;jpeg;jpe;resx;tiff;tif;png;wav;mfcribbon-ms</Extensions>
    </Filter>
    <Filter Include="Source Files\Utils">
      <UniqueIdentifier>{31a22608-bdf1-4dcb-820e-9b0bd65d796c}</UniqueIdentifier>
    </Filter>
    <Filter Include="Source Files\GameObjects">
      <UniqueIdentifier>{c5aeccef-00de-4ca7-a6c3-1c5982aba1f8}</UniqueIdentifier>
    </Filter>
    <Filter Include="Source Files\Memory">
      <UniqueIdentifier>{a7b55801-652f-4e29-97c9-d2cf64e045e1}</UniqueIdentifier>
    </Filter>
    <Filter Include="Source Files\Pointers">
      <UniqueIdentifier>{5a035a07-5cbd-4ed1-a2db-293532a57a02}</UniqueIdentifier>
    </Filter>
    <Filter Include="Source Files\Physics">
      <UniqueIdentifier>{42906172-13b6-49f7-be05-8136d0a7969c}</UniqueIdentifier>
    </Filter>
    <Filter Include="Source Files\Input">
      <UniqueIdentifier>{f35e457c-0c6c-4051-8712-aff1c206c104}</UniqueIdentifier>
    </Filter>
    <Filter Include="Source Files\Timer">
      <UniqueIdentifier>{09bf3a96-ff12-4b0f-8373-da522474ec23}</UniqueIdentifier>
    </Filter>
    <Filter Include="Source Files\Delegates">
      <UniqueIdentifier>{d1da05fe-d4d6-4e39-ae8c-dc542acb2346}</UniqueIdentifier>
    </Filter>
    <Filter Include="Source Files\Renderer">
      <UniqueIdentifier>{1f36ede5-db38-4a19-a0cf-f576809af2bf}</UniqueIdentifier>
    </Filter>
    <Filter Include="Source Files\UnitTests">
      <UniqueIdentifier>{40907870-1660-4219-a636-7adca88f37ae}</UniqueIdentifier>
    </Filter>
    <Filter Include="Windows">
      <UniqueIdentifier>{bff620c5-017b-48f9-af31-01b5f00b2813}</UniqueIdentifier>
    </Filter>
  </ItemGroup>
  <ItemGroup>
    <ClInclude Include="Engine.h">
      <Filter>Header Files</Filter>
    </ClInclude>
    <ClInclude Include="BitArray.h">
      <Filter>Source Files\Utils</Filter>
    </ClInclude>
    <ClInclude Include="ConsolePrint.h">
      <Filter>Source Files\Utils</Filter>
    </ClInclude>
    <ClInclude Include="Matrix_4x4.h">
      <Filter>Source Files\Utils</Filter>
    </ClInclude>
    <ClInclude Include="Point2D.h">
      <Filter>Source Files\Utils</Filter>
    </ClInclude>
    <ClInclude Include="Point2D-inl.h">
      <Filter>Source Files\Utils</Filter>
    </ClInclude>
    <ClInclude Include="Vector3d.h">
      <Filter>Source Files\Utils</Filter>
    </ClInclude>
    <ClInclude Include="Vector4d.h">
      <Filter>Source Files\Utils</Filter>
    </ClInclude>
    <ClInclude Include="Matrix_UnitTest.h">
      <Filter>Source Files\UnitTests</Filter>
    </ClInclude>
    <ClInclude Include="CollisionPoolCheck.h">
      <Filter>Source Files\UnitTests</Filter>
    </ClInclude>
    <ClInclude Include="SmartPointer.h">
      <Filter>Source Files\Pointers</Filter>
    </ClInclude>
    <ClInclude Include="WeakPointer.h">
      <Filter>Source Files\Pointers</Filter>
    </ClInclude>
    <ClInclude Include="Descriptor.h">
      <Filter>Source Files\Memory</Filter>
    </ClInclude>
    <ClInclude Include="FixedSizeAllocator.h">
      <Filter>Source Files\Memory</Filter>
    </ClInclude>
    <ClInclude Include="HeapManager.h">
      <Filter>Source Files\Memory</Filter>
    </ClInclude>
    <ClInclude Include="HeapManagerProxy.h">
      <Filter>Source Files\Memory</Filter>
    </ClInclude>
    <ClInclude Include="GameObject2D.h">
      <Filter>Source Files\GameObjects</Filter>
    </ClInclude>
    <ClInclude Include="IGameObject2DController.h">
      <Filter>Source Files\GameObjects</Filter>
    </ClInclude>
    <ClInclude Include="DescriptorList.h">
      <Filter>Source Files\Utils</Filter>
    </ClInclude>
    <ClInclude Include="InputSystem.h">
      <Filter>Source Files\Input</Filter>
    </ClInclude>
    <ClInclude Include="PhysicsSystem.h">
      <Filter>Source Files\Physics</Filter>
    </ClInclude>
    <ClInclude Include="TimerSystem.h">
      <Filter>Source Files\Timer</Filter>
    </ClInclude>
    <ClInclude Include="RenderSystem.h">
      <Filter>Source Files\Renderer</Filter>
    </ClInclude>
    <ClInclude Include="Delegates.h">
      <Filter>Source Files\Delegates</Filter>
    </ClInclude>
    <ClInclude Include="Windows\ExternalLibraries.win.h">
      <Filter>Windows</Filter>
    </ClInclude>
  </ItemGroup>
  <ItemGroup>
    <ClCompile Include="Engine.cpp">
      <Filter>Source Files</Filter>
    </ClCompile>
    <ClCompile Include="BitArray.cpp">
      <Filter>Source Files\Utils</Filter>
    </ClCompile>
    <ClCompile Include="ConsolePrint.cpp">
      <Filter>Source Files\Utils</Filter>
    </ClCompile>
    <ClCompile Include="Delegates.cpp">
      <Filter>Source Files\Delegates</Filter>
    </ClCompile>
    <ClCompile Include="DescriptorList.cpp">
      <Filter>Source Files\Utils</Filter>
    </ClCompile>
    <ClCompile Include="HeapManager.cpp">
      <Filter>Source Files\Memory</Filter>
    </ClCompile>
    <ClCompile Include="HeapManagerProxy.cpp">
      <Filter>Source Files\Memory</Filter>
    </ClCompile>
    <ClCompile Include="InputSystem.cpp">
      <Filter>Source Files\Input</Filter>
    </ClCompile>
    <ClCompile Include="PhysicsSystem.cpp">
      <Filter>Source Files\Physics</Filter>
    </ClCompile>
    <ClCompile Include="TimerSystem.cpp">
      <Filter>Source Files\Timer</Filter>
    </ClCompile>
    <ClCompile Include="GameObject2D.cpp">
      <Filter>Source Files\GameObjects</Filter>
    </ClCompile>
    <ClCompile Include="RenderSystem.cpp">
      <Filter>Source Files\Renderer</Filter>
    </ClCompile>
    <ClCompile Include="HeapManagerUnitTest.cpp">
      <Filter>Source Files\UnitTests</Filter>
    </ClCompile>
    <ClCompile Include="Matrix_4x4.cpp">
      <Filter>Source Files\Utils</Filter>
    </ClCompile>
    <ClCompile Include="FixedSizeAllocator.cpp">
      <Filter>Source Files\Memory</Filter>
    </ClCompile>
  </ItemGroup>
  <ItemGroup>
    <None Include="Utility.lua">
      <Filter>Source Files</Filter>
    </None>
  </ItemGroup>
</Project>